
Microsoft Visual Studio Solution File, Format Version 12.00
# Visual Studio Version 17
VisualStudioVersion = 17.3.32922.545
MinimumVisualStudioVersion = 10.0.40219.1
Project("{9A19103F-16F7-4668-BE54-9A1E7A4F7556}") = "DBCleaner", "DBCleaner.csproj", "{6E696249-660F-49AB-8921-984A245649BF}"
EndProject
Project("{E53339B2-1760-4266-BCC7-CA923CBCF16C}") = "docker-compose", "docker-compose.dcproj", "{280F6ED9-AB39-441E-A61D-D56B2138F688}"
EndProject
Global
	GlobalSection(SolutionConfigurationPlatforms) = preSolution
		Debug|Any CPU = Debug|Any CPU
		Release|Any CPU = Release|Any CPU
	EndGlobalSection
	GlobalSection(ProjectConfigurationPlatforms) = postSolution
		{6E696249-660F-49AB-8921-984A245649BF}.Debug|Any CPU.ActiveCfg = Debug|Any CPU
		{6E696249-660F-49AB-8921-984A245649BF}.Debug|Any CPU.Build.0 = Debug|Any CPU
		{6E696249-660F-49AB-8921-984A245649BF}.Release|Any CPU.ActiveCfg = Release|Any CPU
		{6E696249-660F-49AB-8921-984A245649BF}.Release|Any CPU.Build.0 = Release|Any CPU
		{280F6ED9-AB39-441E-A61D-D56B2138F688}.Debug|Any CPU.ActiveCfg = Debug|Any CPU
		{280F6ED9-AB39-441E-A61D-D56B2138F688}.Debug|Any CPU.Build.0 = Debug|Any CPU
		{280F6ED9-AB39-441E-A61D-D56B2138F688}.Release|Any CPU.ActiveCfg = Release|Any CPU
		{280F6ED9-AB39-441E-A61D-D56B2138F688}.Release|Any CPU.Build.0 = Release|Any CPU
	EndGlobalSection
	GlobalSection(SolutionProperties) = preSolution
		HideSolutionNode = FALSE
	EndGlobalSection
	GlobalSection(ExtensibilityGlobals) = postSolution
		SolutionGuid = {B1FEF3A6-F57A-440F-B9EA-053F9C7F6B1A}
	EndGlobalSection
EndGlobal
